
Microsoft Visual Studio Solution File, Format Version 12.00
# Visual Studio Version 16
VisualStudioVersion = 16.0.31205.134
MinimumVisualStudioVersion = 10.0.40219.1
Project("{FAE04EC0-301F-11D3-BF4B-00C04F79EFBC}") = "AgendaTarefas", "AgendaTarefas\AgendaTarefas.csproj", "{51786150-AB8B-4B73-81FF-5DD636738971}"
EndProject
Project("{00D1A9C2-B5F0-4AF3-8072-F6C62B433612}") = "DBAgendaSql", "DBAgenda\DBAgendaSql.sqlproj", "{5AF0323D-4D51-4C98-A50D-F3EAA64F6AE0}"
EndProject
Project("{2150E333-8FDC-42A3-9474-1A3956D46DE8}") = "src", "src", "{46B9D5C7-A986-4B88-BEF9-B29CA8BE0875}"
EndProject
Project("{FAE04EC0-301F-11D3-BF4B-00C04F79EFBC}") = "Controlador", "Controlador\Controlador.csproj", "{00C2D845-D728-4502-9999-150F0B415A2F}"
EndProject
Project("{FAE04EC0-301F-11D3-BF4B-00C04F79EFBC}") = "Dominio", "Dominio\Dominio.csproj", "{2742D5A5-AFCB-4717-9B8E-372616DA7498}"
EndProject
Project("{FAE04EC0-301F-11D3-BF4B-00C04F79EFBC}") = "Tela", "Tela\Tela.csproj", "{7DE95E49-3EDD-4A40-83F5-3C72D47B5C9C}"
EndProject
Project("{FAE04EC0-301F-11D3-BF4B-00C04F79EFBC}") = "DBAgendaSQlite", "DBAgendaSQlite\DBAgendaSQlite.csproj", "{6018C76A-1650-40A0-A38F-E03F270A38C7}"
EndProject
Global
	GlobalSection(SolutionConfigurationPlatforms) = preSolution
		Debug|Any CPU = Debug|Any CPU
		Release|Any CPU = Release|Any CPU
	EndGlobalSection
	GlobalSection(ProjectConfigurationPlatforms) = postSolution
		{51786150-AB8B-4B73-81FF-5DD636738971}.Debug|Any CPU.ActiveCfg = Debug|Any CPU
		{51786150-AB8B-4B73-81FF-5DD636738971}.Debug|Any CPU.Build.0 = Debug|Any CPU
		{51786150-AB8B-4B73-81FF-5DD636738971}.Release|Any CPU.ActiveCfg = Release|Any CPU
		{51786150-AB8B-4B73-81FF-5DD636738971}.Release|Any CPU.Build.0 = Release|Any CPU
		{5AF0323D-4D51-4C98-A50D-F3EAA64F6AE0}.Debug|Any CPU.ActiveCfg = Debug|Any CPU
		{5AF0323D-4D51-4C98-A50D-F3EAA64F6AE0}.Debug|Any CPU.Build.0 = Debug|Any CPU
		{5AF0323D-4D51-4C98-A50D-F3EAA64F6AE0}.Debug|Any CPU.Deploy.0 = Debug|Any CPU
		{5AF0323D-4D51-4C98-A50D-F3EAA64F6AE0}.Release|Any CPU.ActiveCfg = Release|Any CPU
		{5AF0323D-4D51-4C98-A50D-F3EAA64F6AE0}.Release|Any CPU.Build.0 = Release|Any CPU
		{5AF0323D-4D51-4C98-A50D-F3EAA64F6AE0}.Release|Any CPU.Deploy.0 = Release|Any CPU
		{00C2D845-D728-4502-9999-150F0B415A2F}.Debug|Any CPU.ActiveCfg = Debug|Any CPU
		{00C2D845-D728-4502-9999-150F0B415A2F}.Debug|Any CPU.Build.0 = Debug|Any CPU
		{00C2D845-D728-4502-9999-150F0B415A2F}.Release|Any CPU.ActiveCfg = Release|Any CPU
		{00C2D845-D728-4502-9999-150F0B415A2F}.Release|Any CPU.Build.0 = Release|Any CPU
		{2742D5A5-AFCB-4717-9B8E-372616DA7498}.Debug|Any CPU.ActiveCfg = Debug|Any CPU
		{2742D5A5-AFCB-4717-9B8E-372616DA7498}.Debug|Any CPU.Build.0 = Debug|Any CPU
		{2742D5A5-AFCB-4717-9B8E-372616DA7498}.Release|Any CPU.ActiveCfg = Release|Any CPU
		{2742D5A5-AFCB-4717-9B8E-372616DA7498}.Release|Any CPU.Build.0 = Release|Any CPU
		{7DE95E49-3EDD-4A40-83F5-3C72D47B5C9C}.Debug|Any CPU.ActiveCfg = Debug|Any CPU
		{7DE95E49-3EDD-4A40-83F5-3C72D47B5C9C}.Debug|Any CPU.Build.0 = Debug|Any CPU
		{7DE95E49-3EDD-4A40-83F5-3C72D47B5C9C}.Release|Any CPU.ActiveCfg = Release|Any CPU
		{7DE95E49-3EDD-4A40-83F5-3C72D47B5C9C}.Release|Any CPU.Build.0 = Release|Any CPU
		{6018C76A-1650-40A0-A38F-E03F270A38C7}.Debug|Any CPU.ActiveCfg = Debug|Any CPU
		{6018C76A-1650-40A0-A38F-E03F270A38C7}.Debug|Any CPU.Build.0 = Debug|Any CPU
		{6018C76A-1650-40A0-A38F-E03F270A38C7}.Release|Any CPU.ActiveCfg = Release|Any CPU
		{6018C76A-1650-40A0-A38F-E03F270A38C7}.Release|Any CPU.Build.0 = Release|Any CPU
	EndGlobalSection
	GlobalSection(SolutionProperties) = preSolution
		HideSolutionNode = FALSE
	EndGlobalSection
	GlobalSection(NestedProjects) = preSolution
		{51786150-AB8B-4B73-81FF-5DD636738971} = {46B9D5C7-A986-4B88-BEF9-B29CA8BE0875}
		{5AF0323D-4D51-4C98-A50D-F3EAA64F6AE0} = {46B9D5C7-A986-4B88-BEF9-B29CA8BE0875}
		{00C2D845-D728-4502-9999-150F0B415A2F} = {46B9D5C7-A986-4B88-BEF9-B29CA8BE0875}
		{2742D5A5-AFCB-4717-9B8E-372616DA7498} = {46B9D5C7-A986-4B88-BEF9-B29CA8BE0875}
		{7DE95E49-3EDD-4A40-83F5-3C72D47B5C9C} = {46B9D5C7-A986-4B88-BEF9-B29CA8BE0875}
		{6018C76A-1650-40A0-A38F-E03F270A38C7} = {46B9D5C7-A986-4B88-BEF9-B29CA8BE0875}
	EndGlobalSection
	GlobalSection(ExtensibilityGlobals) = postSolution
		SolutionGuid = {1B3A2484-1546-4E27-A018-D6D09BE6E453}
	EndGlobalSection
EndGlobal
